// !$*UTF8*$!
{
	archiveVersion = 1;
	classes = {
	};
	objectVersion = 50;
	objects = {

/* Begin PBXBuildFile section */
		5585340522C2D74700DCF453 /* AppDelegate.swift in Sources */ = {isa = PBXBuildFile; fileRef = 5585340422C2D74700DCF453 /* AppDelegate.swift */; };
		5585340722C2D74700DCF453 /* GameScene.sks in Resources */ = {isa = PBXBuildFile; fileRef = 5585340622C2D74700DCF453 /* GameScene.sks */; };
		5585340922C2D74700DCF453 /* Actions.sks in Resources */ = {isa = PBXBuildFile; fileRef = 5585340822C2D74700DCF453 /* Actions.sks */; };
		5585340B22C2D74700DCF453 /* GameScene.swift in Sources */ = {isa = PBXBuildFile; fileRef = 5585340A22C2D74700DCF453 /* GameScene.swift */; };
		5585340D22C2D74700DCF453 /* GameViewController.swift in Sources */ = {isa = PBXBuildFile; fileRef = 5585340C22C2D74700DCF453 /* GameViewController.swift */; };
		5585341022C2D74700DCF453 /* Main.storyboard in Resources */ = {isa = PBXBuildFile; fileRef = 5585340E22C2D74700DCF453 /* Main.storyboard */; };
		5585341222C2D74800DCF453 /* Assets.xcassets in Resources */ = {isa = PBXBuildFile; fileRef = 5585341122C2D74800DCF453 /* Assets.xcassets */; };
		5585341522C2D74800DCF453 /* LaunchScreen.storyboard in Resources */ = {isa = PBXBuildFile; fileRef = 5585341322C2D74800DCF453 /* LaunchScreen.storyboard */; };
		5585342022C2D74800DCF453 /* Brick_by_BrickTests.swift in Sources */ = {isa = PBXBuildFile; fileRef = 5585341F22C2D74800DCF453 /* Brick_by_BrickTests.swift */; };
		5585342B22C2D74800DCF453 /* Brick_by_BrickUITests.swift in Sources */ = {isa = PBXBuildFile; fileRef = 5585342A22C2D74800DCF453 /* Brick_by_BrickUITests.swift */; };
		5585344A22C2D80600DCF453 /* StickyS.png in Resources */ = {isa = PBXBuildFile; fileRef = 5585343A22C2D80600DCF453 /* StickyS.png */; };
		5585344B22C2D80600DCF453 /* StickyT.png in Resources */ = {isa = PBXBuildFile; fileRef = 5585343B22C2D80600DCF453 /* StickyT.png */; };
		5585344C22C2D80600DCF453 /* StickyO.png in Resources */ = {isa = PBXBuildFile; fileRef = 5585343C22C2D80600DCF453 /* StickyO.png */; };
		5585344D22C2D80600DCF453 /* StickyL.png in Resources */ = {isa = PBXBuildFile; fileRef = 5585343D22C2D80600DCF453 /* StickyL.png */; };
		5585344E22C2D80600DCF453 /* StickyZ.png in Resources */ = {isa = PBXBuildFile; fileRef = 5585343E22C2D80600DCF453 /* StickyZ.png */; };
		5585344F22C2D80600DCF453 /* StickyI.png in Resources */ = {isa = PBXBuildFile; fileRef = 5585343F22C2D80600DCF453 /* StickyI.png */; };
		5585345022C2D80600DCF453 /* StickyJ.png in Resources */ = {isa = PBXBuildFile; fileRef = 5585344022C2D80600DCF453 /* StickyJ.png */; };
		5585345122C2D80600DCF453 /* LetterL.png in Resources */ = {isa = PBXBuildFile; fileRef = 5585344222C2D80600DCF453 /* LetterL.png */; };
		5585345222C2D80600DCF453 /* LetterZ.png in Resources */ = {isa = PBXBuildFile; fileRef = 5585344322C2D80600DCF453 /* LetterZ.png */; };
		5585345322C2D80600DCF453 /* LetterO.png in Resources */ = {isa = PBXBuildFile; fileRef = 5585344422C2D80600DCF453 /* LetterO.png */; };
		5585345422C2D80600DCF453 /* LetterJ.png in Resources */ = {isa = PBXBuildFile; fileRef = 5585344522C2D80600DCF453 /* LetterJ.png */; };
		5585345522C2D80600DCF453 /* LetterI.png in Resources */ = {isa = PBXBuildFile; fileRef = 5585344622C2D80600DCF453 /* LetterI.png */; };
		5585345622C2D80600DCF453 /* LetterS.png in Resources */ = {isa = PBXBuildFile; fileRef = 5585344722C2D80600DCF453 /* LetterS.png */; };
		5585345722C2D80600DCF453 /* LetterT.png in Resources */ = {isa = PBXBuildFile; fileRef = 5585344822C2D80600DCF453 /* LetterT.png */; };
		5585345822C2D80600DCF453 /* Base.png in Resources */ = {isa = PBXBuildFile; fileRef = 5585344922C2D80600DCF453 /* Base.png */; };
		A8D694E822C2DA15007F595C /* LetterL.swift in Sources */ = {isa = PBXBuildFile; fileRef = A8D694E722C2DA15007F595C /* LetterL.swift */; };
		A8D694EA22C2E7FA007F595C /* LetterZ.swift in Sources */ = {isa = PBXBuildFile; fileRef = A8D694E922C2E7FA007F595C /* LetterZ.swift */; };
		A8D694EC22C2E83A007F595C /* LetterO.swift in Sources */ = {isa = PBXBuildFile; fileRef = A8D694EB22C2E83A007F595C /* LetterO.swift */; };
		A8D694EE22C2E862007F595C /* LetterJ.swift in Sources */ = {isa = PBXBuildFile; fileRef = A8D694ED22C2E862007F595C /* LetterJ.swift */; };
		A8D694F022C2E8C3007F595C /* LetterI.swift in Sources */ = {isa = PBXBuildFile; fileRef = A8D694EF22C2E8C3007F595C /* LetterI.swift */; };
		A8D694F222C2E8E8007F595C /* LetterS.swift in Sources */ = {isa = PBXBuildFile; fileRef = A8D694F122C2E8E8007F595C /* LetterS.swift */; };
		A8D694F422C2E904007F595C /* LetterT.swift in Sources */ = {isa = PBXBuildFile; fileRef = A8D694F322C2E904007F595C /* LetterT.swift */; };
		A8D694F622C2E924007F595C /* Base.swift in Sources */ = {isa = PBXBuildFile; fileRef = A8D694F522C2E924007F595C /* Base.swift */; };
/* End PBXBuildFile section */

/* Begin PBXContainerItemProxy section */
		5585341C22C2D74800DCF453 /* PBXContainerItemProxy */ = {
			isa = PBXContainerItemProxy;
			containerPortal = 558533F922C2D74700DCF453 /* Project object */;
			proxyType = 1;
			remoteGlobalIDString = 5585340022C2D74700DCF453;
			remoteInfo = "Brick by Brick";
		};
		5585342722C2D74800DCF453 /* PBXContainerItemProxy */ = {
			isa = PBXContainerItemProxy;
			containerPortal = 558533F922C2D74700DCF453 /* Project object */;
			proxyType = 1;
			remoteGlobalIDString = 5585340022C2D74700DCF453;
			remoteInfo = "Brick by Brick";
		};
/* End PBXContainerItemProxy section */

/* Begin PBXFileReference section */
		5585340122C2D74700DCF453 /* Brick by Brick.app */ = {isa = PBXFileReference; explicitFileType = wrapper.application; includeInIndex = 0; path = "Brick by Brick.app"; sourceTree = BUILT_PRODUCTS_DIR; };
		5585340422C2D74700DCF453 /* AppDelegate.swift */ = {isa = PBXFileReference; lastKnownFileType = sourcecode.swift; path = AppDelegate.swift; sourceTree = "<group>"; };
		5585340622C2D74700DCF453 /* GameScene.sks */ = {isa = PBXFileReference; lastKnownFileType = file.sks; path = GameScene.sks; sourceTree = "<group>"; };
		5585340822C2D74700DCF453 /* Actions.sks */ = {isa = PBXFileReference; lastKnownFileType = file.sks; path = Actions.sks; sourceTree = "<group>"; };
		5585340A22C2D74700DCF453 /* GameScene.swift */ = {isa = PBXFileReference; lastKnownFileType = sourcecode.swift; path = GameScene.swift; sourceTree = "<group>"; };
		5585340C22C2D74700DCF453 /* GameViewController.swift */ = {isa = PBXFileReference; lastKnownFileType = sourcecode.swift; path = GameViewController.swift; sourceTree = "<group>"; };
		5585340F22C2D74700DCF453 /* Base */ = {isa = PBXFileReference; lastKnownFileType = file.storyboard; name = Base; path = Base.lproj/Main.storyboard; sourceTree = "<group>"; };
		5585341122C2D74800DCF453 /* Assets.xcassets */ = {isa = PBXFileReference; lastKnownFileType = folder.assetcatalog; path = Assets.xcassets; sourceTree = "<group>"; };
		5585341422C2D74800DCF453 /* Base */ = {isa = PBXFileReference; lastKnownFileType = file.storyboard; name = Base; path = Base.lproj/LaunchScreen.storyboard; sourceTree = "<group>"; };
		5585341622C2D74800DCF453 /* Info.plist */ = {isa = PBXFileReference; lastKnownFileType = text.plist.xml; path = Info.plist; sourceTree = "<group>"; };
		5585341B22C2D74800DCF453 /* Brick by BrickTests.xctest */ = {isa = PBXFileReference; explicitFileType = wrapper.cfbundle; includeInIndex = 0; path = "Brick by BrickTests.xctest"; sourceTree = BUILT_PRODUCTS_DIR; };
		5585341F22C2D74800DCF453 /* Brick_by_BrickTests.swift */ = {isa = PBXFileReference; lastKnownFileType = sourcecode.swift; path = Brick_by_BrickTests.swift; sourceTree = "<group>"; };
		5585342122C2D74800DCF453 /* Info.plist */ = {isa = PBXFileReference; lastKnownFileType = text.plist.xml; path = Info.plist; sourceTree = "<group>"; };
		5585342622C2D74800DCF453 /* Brick by BrickUITests.xctest */ = {isa = PBXFileReference; explicitFileType = wrapper.cfbundle; includeInIndex = 0; path = "Brick by BrickUITests.xctest"; sourceTree = BUILT_PRODUCTS_DIR; };
		5585342A22C2D74800DCF453 /* Brick_by_BrickUITests.swift */ = {isa = PBXFileReference; lastKnownFileType = sourcecode.swift; path = Brick_by_BrickUITests.swift; sourceTree = "<group>"; };
		5585342C22C2D74800DCF453 /* Info.plist */ = {isa = PBXFileReference; lastKnownFileType = text.plist.xml; path = Info.plist; sourceTree = "<group>"; };
		5585343A22C2D80600DCF453 /* StickyS.png */ = {isa = PBXFileReference; lastKnownFileType = image.png; path = StickyS.png; sourceTree = "<group>"; };
		5585343B22C2D80600DCF453 /* StickyT.png */ = {isa = PBXFileReference; lastKnownFileType = image.png; path = StickyT.png; sourceTree = "<group>"; };
		5585343C22C2D80600DCF453 /* StickyO.png */ = {isa = PBXFileReference; lastKnownFileType = image.png; path = StickyO.png; sourceTree = "<group>"; };
		5585343D22C2D80600DCF453 /* StickyL.png */ = {isa = PBXFileReference; lastKnownFileType = image.png; path = StickyL.png; sourceTree = "<group>"; };
		5585343E22C2D80600DCF453 /* StickyZ.png */ = {isa = PBXFileReference; lastKnownFileType = image.png; path = StickyZ.png; sourceTree = "<group>"; };
		5585343F22C2D80600DCF453 /* StickyI.png */ = {isa = PBXFileReference; lastKnownFileType = image.png; path = StickyI.png; sourceTree = "<group>"; };
		5585344022C2D80600DCF453 /* StickyJ.png */ = {isa = PBXFileReference; lastKnownFileType = image.png; path = StickyJ.png; sourceTree = "<group>"; };
		5585344222C2D80600DCF453 /* LetterL.png */ = {isa = PBXFileReference; lastKnownFileType = image.png; path = LetterL.png; sourceTree = "<group>"; };
		5585344322C2D80600DCF453 /* LetterZ.png */ = {isa = PBXFileReference; lastKnownFileType = image.png; path = LetterZ.png; sourceTree = "<group>"; };
		5585344422C2D80600DCF453 /* LetterO.png */ = {isa = PBXFileReference; lastKnownFileType = image.png; path = LetterO.png; sourceTree = "<group>"; };
		5585344522C2D80600DCF453 /* LetterJ.png */ = {isa = PBXFileReference; lastKnownFileType = image.png; path = LetterJ.png; sourceTree = "<group>"; };
		5585344622C2D80600DCF453 /* LetterI.png */ = {isa = PBXFileReference; lastKnownFileType = image.png; path = LetterI.png; sourceTree = "<group>"; };
		5585344722C2D80600DCF453 /* LetterS.png */ = {isa = PBXFileReference; lastKnownFileType = image.png; path = LetterS.png; sourceTree = "<group>"; };
		5585344822C2D80600DCF453 /* LetterT.png */ = {isa = PBXFileReference; lastKnownFileType = image.png; path = LetterT.png; sourceTree = "<group>"; };
		5585344922C2D80600DCF453 /* Base.png */ = {isa = PBXFileReference; lastKnownFileType = image.png; path = Base.png; sourceTree = "<group>"; };
		A8D694E722C2DA15007F595C /* LetterL.swift */ = {isa = PBXFileReference; lastKnownFileType = sourcecode.swift; name = LetterL.swift; path = LetterObj/LetterL.swift; sourceTree = "<group>"; };
		A8D694E922C2E7FA007F595C /* LetterZ.swift */ = {isa = PBXFileReference; lastKnownFileType = sourcecode.swift; path = LetterZ.swift; sourceTree = "<group>"; };
		A8D694EB22C2E83A007F595C /* LetterO.swift */ = {isa = PBXFileReference; lastKnownFileType = sourcecode.swift; path = LetterO.swift; sourceTree = "<group>"; };
		A8D694ED22C2E862007F595C /* LetterJ.swift */ = {isa = PBXFileReference; lastKnownFileType = sourcecode.swift; path = LetterJ.swift; sourceTree = "<group>"; };
		A8D694EF22C2E8C3007F595C /* LetterI.swift */ = {isa = PBXFileReference; lastKnownFileType = sourcecode.swift; path = LetterI.swift; sourceTree = "<group>"; };
		A8D694F122C2E8E8007F595C /* LetterS.swift */ = {isa = PBXFileReference; lastKnownFileType = sourcecode.swift; path = LetterS.swift; sourceTree = "<group>"; };
		A8D694F322C2E904007F595C /* LetterT.swift */ = {isa = PBXFileReference; lastKnownFileType = sourcecode.swift; path = LetterT.swift; sourceTree = "<group>"; };
		A8D694F522C2E924007F595C /* Base.swift */ = {isa = PBXFileReference; lastKnownFileType = sourcecode.swift; path = Base.swift; sourceTree = "<group>"; };
/* End PBXFileReference section */

/* Begin PBXFrameworksBuildPhase section */
		558533FE22C2D74700DCF453 /* Frameworks */ = {
			isa = PBXFrameworksBuildPhase;
			buildActionMask = 2147483647;
			files = (
			);
			runOnlyForDeploymentPostprocessing = 0;
		};
		5585341822C2D74800DCF453 /* Frameworks */ = {
			isa = PBXFrameworksBuildPhase;
			buildActionMask = 2147483647;
			files = (
			);
			runOnlyForDeploymentPostprocessing = 0;
		};
		5585342322C2D74800DCF453 /* Frameworks */ = {
			isa = PBXFrameworksBuildPhase;
			buildActionMask = 2147483647;
			files = (
			);
			runOnlyForDeploymentPostprocessing = 0;
		};
/* End PBXFrameworksBuildPhase section */

/* Begin PBXGroup section */
		558533F822C2D74700DCF453 = {
			isa = PBXGroup;
			children = (
				5585340322C2D74700DCF453 /* Brick by Brick */,
				5585341E22C2D74800DCF453 /* Brick by BrickTests */,
				5585342922C2D74800DCF453 /* Brick by BrickUITests */,
				5585340222C2D74700DCF453 /* Products */,
			);
			sourceTree = "<group>";
		};
		5585340222C2D74700DCF453 /* Products */ = {
			isa = PBXGroup;
			children = (
				5585340122C2D74700DCF453 /* Brick by Brick.app */,
				5585341B22C2D74800DCF453 /* Brick by BrickTests.xctest */,
				5585342622C2D74800DCF453 /* Brick by BrickUITests.xctest */,
			);
			name = Products;
			sourceTree = "<group>";
		};
		5585340322C2D74700DCF453 /* Brick by Brick */ = {
			isa = PBXGroup;
			children = (
				5585343822C2D80600DCF453 /* Assets */,
				5585340422C2D74700DCF453 /* AppDelegate.swift */,
				5585340622C2D74700DCF453 /* GameScene.sks */,
				5585340822C2D74700DCF453 /* Actions.sks */,
				5585340A22C2D74700DCF453 /* GameScene.swift */,
				A8D694E922C2E7FA007F595C /* LetterZ.swift */,
				A8D694EF22C2E8C3007F595C /* LetterI.swift */,
				A8D694F122C2E8E8007F595C /* LetterS.swift */,
				A8D694F322C2E904007F595C /* LetterT.swift */,
				A8D694F522C2E924007F595C /* Base.swift */,
				A8D694EB22C2E83A007F595C /* LetterO.swift */,
				A8D694ED22C2E862007F595C /* LetterJ.swift */,
				A8D694E722C2DA15007F595C /* LetterL.swift */,
				5585340C22C2D74700DCF453 /* GameViewController.swift */,
				5585340E22C2D74700DCF453 /* Main.storyboard */,
				5585341122C2D74800DCF453 /* Assets.xcassets */,
				5585341322C2D74800DCF453 /* LaunchScreen.storyboard */,
				5585341622C2D74800DCF453 /* Info.plist */,
			);
			path = "Brick by Brick";
			sourceTree = "<group>";
		};
		5585341E22C2D74800DCF453 /* Brick by BrickTests */ = {
			isa = PBXGroup;
			children = (
				5585341F22C2D74800DCF453 /* Brick_by_BrickTests.swift */,
				5585342122C2D74800DCF453 /* Info.plist */,
			);
			path = "Brick by BrickTests";
			sourceTree = "<group>";
		};
		5585342922C2D74800DCF453 /* Brick by BrickUITests */ = {
			isa = PBXGroup;
			children = (
				5585342A22C2D74800DCF453 /* Brick_by_BrickUITests.swift */,
				5585342C22C2D74800DCF453 /* Info.plist */,
			);
			path = "Brick by BrickUITests";
			sourceTree = "<group>";
		};
		5585343822C2D80600DCF453 /* Assets */ = {
			isa = PBXGroup;
			children = (
				5585343922C2D80600DCF453 /* Sticky */,
				5585344122C2D80600DCF453 /* Letter */,
				5585344922C2D80600DCF453 /* Base.png */,
			);
			path = Assets;
			sourceTree = "<group>";
		};
		5585343922C2D80600DCF453 /* Sticky */ = {
			isa = PBXGroup;
			children = (
				5585343A22C2D80600DCF453 /* StickyS.png */,
				5585343B22C2D80600DCF453 /* StickyT.png */,
				5585343C22C2D80600DCF453 /* StickyO.png */,
				5585343D22C2D80600DCF453 /* StickyL.png */,
				5585343E22C2D80600DCF453 /* StickyZ.png */,
				5585343F22C2D80600DCF453 /* StickyI.png */,
				5585344022C2D80600DCF453 /* StickyJ.png */,
			);
			path = Sticky;
			sourceTree = "<group>";
		};
		5585344122C2D80600DCF453 /* Letter */ = {
			isa = PBXGroup;
			children = (
				5585344222C2D80600DCF453 /* LetterL.png */,
				5585344322C2D80600DCF453 /* LetterZ.png */,
				5585344422C2D80600DCF453 /* LetterO.png */,
				5585344522C2D80600DCF453 /* LetterJ.png */,
				5585344622C2D80600DCF453 /* LetterI.png */,
				5585344722C2D80600DCF453 /* LetterS.png */,
				5585344822C2D80600DCF453 /* LetterT.png */,
			);
			path = Letter;
			sourceTree = "<group>";
		};
/* End PBXGroup section */

/* Begin PBXNativeTarget section */
		5585340022C2D74700DCF453 /* Brick by Brick */ = {
			isa = PBXNativeTarget;
			buildConfigurationList = 5585342F22C2D74800DCF453 /* Build configuration list for PBXNativeTarget "Brick by Brick" */;
			buildPhases = (
				558533FD22C2D74700DCF453 /* Sources */,
				558533FE22C2D74700DCF453 /* Frameworks */,
				558533FF22C2D74700DCF453 /* Resources */,
			);
			buildRules = (
			);
			dependencies = (
			);
			name = "Brick by Brick";
			productName = "Brick by Brick";
			productReference = 5585340122C2D74700DCF453 /* Brick by Brick.app */;
			productType = "com.apple.product-type.application";
		};
		5585341A22C2D74800DCF453 /* Brick by BrickTests */ = {
			isa = PBXNativeTarget;
			buildConfigurationList = 5585343222C2D74800DCF453 /* Build configuration list for PBXNativeTarget "Brick by BrickTests" */;
			buildPhases = (
				5585341722C2D74800DCF453 /* Sources */,
				5585341822C2D74800DCF453 /* Frameworks */,
				5585341922C2D74800DCF453 /* Resources */,
			);
			buildRules = (
			);
			dependencies = (
				5585341D22C2D74800DCF453 /* PBXTargetDependency */,
			);
			name = "Brick by BrickTests";
			productName = "Brick by BrickTests";
			productReference = 5585341B22C2D74800DCF453 /* Brick by BrickTests.xctest */;
			productType = "com.apple.product-type.bundle.unit-test";
		};
		5585342522C2D74800DCF453 /* Brick by BrickUITests */ = {
			isa = PBXNativeTarget;
			buildConfigurationList = 5585343522C2D74800DCF453 /* Build configuration list for PBXNativeTarget "Brick by BrickUITests" */;
			buildPhases = (
				5585342222C2D74800DCF453 /* Sources */,
				5585342322C2D74800DCF453 /* Frameworks */,
				5585342422C2D74800DCF453 /* Resources */,
			);
			buildRules = (
			);
			dependencies = (
				5585342822C2D74800DCF453 /* PBXTargetDependency */,
			);
			name = "Brick by BrickUITests";
			productName = "Brick by BrickUITests";
			productReference = 5585342622C2D74800DCF453 /* Brick by BrickUITests.xctest */;
			productType = "com.apple.product-type.bundle.ui-testing";
		};
/* End PBXNativeTarget section */

/* Begin PBXProject section */
		558533F922C2D74700DCF453 /* Project object */ = {
			isa = PBXProject;
			attributes = {
				LastSwiftUpdateCheck = 1020;
				LastUpgradeCheck = 1020;
				ORGANIZATIONNAME = "Jaimeson Mario Villaescusa";
				TargetAttributes = {
					5585340022C2D74700DCF453 = {
						CreatedOnToolsVersion = 10.2.1;
					};
					5585341A22C2D74800DCF453 = {
						CreatedOnToolsVersion = 10.2.1;
						TestTargetID = 5585340022C2D74700DCF453;
					};
					5585342522C2D74800DCF453 = {
						CreatedOnToolsVersion = 10.2.1;
						TestTargetID = 5585340022C2D74700DCF453;
					};
				};
			};
			buildConfigurationList = 558533FC22C2D74700DCF453 /* Build configuration list for PBXProject "Brick by Brick" */;
			compatibilityVersion = "Xcode 9.3";
			developmentRegion = en;
			hasScannedForEncodings = 0;
			knownRegions = (
				en,
				Base,
			);
			mainGroup = 558533F822C2D74700DCF453;
			productRefGroup = 5585340222C2D74700DCF453 /* Products */;
			projectDirPath = "";
			projectRoot = "";
			targets = (
				5585340022C2D74700DCF453 /* Brick by Brick */,
				5585341A22C2D74800DCF453 /* Brick by BrickTests */,
				5585342522C2D74800DCF453 /* Brick by BrickUITests */,
			);
		};
/* End PBXProject section */

/* Begin PBXResourcesBuildPhase section */
		558533FF22C2D74700DCF453 /* Resources */ = {
			isa = PBXResourcesBuildPhase;
			buildActionMask = 2147483647;
			files = (
				5585345222C2D80600DCF453 /* LetterZ.png in Resources */,
				5585345622C2D80600DCF453 /* LetterS.png in Resources */,
				5585345822C2D80600DCF453 /* Base.png in Resources */,
				5585344A22C2D80600DCF453 /* StickyS.png in Resources */,
				5585341022C2D74700DCF453 /* Main.storyboard in Resources */,
				5585340722C2D74700DCF453 /* GameScene.sks in Resources */,
				5585345022C2D80600DCF453 /* StickyJ.png in Resources */,
				5585345122C2D80600DCF453 /* LetterL.png in Resources */,
				5585344B22C2D80600DCF453 /* StickyT.png in Resources */,
				5585344C22C2D80600DCF453 /* StickyO.png in Resources */,
				5585345422C2D80600DCF453 /* LetterJ.png in Resources */,
				5585344F22C2D80600DCF453 /* StickyI.png in Resources */,
				5585341222C2D74800DCF453 /* Assets.xcassets in Resources */,
				5585344D22C2D80600DCF453 /* StickyL.png in Resources */,
				5585345722C2D80600DCF453 /* LetterT.png in Resources */,
				5585344E22C2D80600DCF453 /* StickyZ.png in Resources */,
				5585341522C2D74800DCF453 /* LaunchScreen.storyboard in Resources */,
				5585345322C2D80600DCF453 /* LetterO.png in Resources */,
				5585345522C2D80600DCF453 /* LetterI.png in Resources */,
				5585340922C2D74700DCF453 /* Actions.sks in Resources */,
			);
			runOnlyForDeploymentPostprocessing = 0;
		};
		5585341922C2D74800DCF453 /* Resources */ = {
			isa = PBXResourcesBuildPhase;
			buildActionMask = 2147483647;
			files = (
			);
			runOnlyForDeploymentPostprocessing = 0;
		};
		5585342422C2D74800DCF453 /* Resources */ = {
			isa = PBXResourcesBuildPhase;
			buildActionMask = 2147483647;
			files = (
			);
			runOnlyForDeploymentPostprocessing = 0;
		};
/* End PBXResourcesBuildPhase section */

/* Begin PBXSourcesBuildPhase section */
		558533FD22C2D74700DCF453 /* Sources */ = {
			isa = PBXSourcesBuildPhase;
			buildActionMask = 2147483647;
			files = (
				A8D694F222C2E8E8007F595C /* LetterS.swift in Sources */,
				A8D694E822C2DA15007F595C /* LetterL.swift in Sources */,
				A8D694F022C2E8C3007F595C /* LetterI.swift in Sources */,
				A8D694EA22C2E7FA007F595C /* LetterZ.swift in Sources */,
				A8D694EE22C2E862007F595C /* LetterJ.swift in Sources */,
				5585340B22C2D74700DCF453 /* GameScene.swift in Sources */,
				A8D694F422C2E904007F595C /* LetterT.swift in Sources */,
				A8D694EC22C2E83A007F595C /* LetterO.swift in Sources */,
				5585340D22C2D74700DCF453 /* GameViewController.swift in Sources */,
				5585340522C2D74700DCF453 /* AppDelegate.swift in Sources */,
				A8D694F622C2E924007F595C /* Base.swift in Sources */,
			);
			runOnlyForDeploymentPostprocessing = 0;
		};
		5585341722C2D74800DCF453 /* Sources */ = {
			isa = PBXSourcesBuildPhase;
			buildActionMask = 2147483647;
			files = (
				5585342022C2D74800DCF453 /* Brick_by_BrickTests.swift in Sources */,
			);
			runOnlyForDeploymentPostprocessing = 0;
		};
		5585342222C2D74800DCF453 /* Sources */ = {
			isa = PBXSourcesBuildPhase;
			buildActionMask = 2147483647;
			files = (
				5585342B22C2D74800DCF453 /* Brick_by_BrickUITests.swift in Sources */,
			);
			runOnlyForDeploymentPostprocessing = 0;
		};
/* End PBXSourcesBuildPhase section */

/* Begin PBXTargetDependency section */
		5585341D22C2D74800DCF453 /* PBXTargetDependency */ = {
			isa = PBXTargetDependency;
			target = 5585340022C2D74700DCF453 /* Brick by Brick */;
			targetProxy = 5585341C22C2D74800DCF453 /* PBXContainerItemProxy */;
		};
		5585342822C2D74800DCF453 /* PBXTargetDependency */ = {
			isa = PBXTargetDependency;
			target = 5585340022C2D74700DCF453 /* Brick by Brick */;
			targetProxy = 5585342722C2D74800DCF453 /* PBXContainerItemProxy */;
		};
/* End PBXTargetDependency section */

/* Begin PBXVariantGroup section */
		5585340E22C2D74700DCF453 /* Main.storyboard */ = {
			isa = PBXVariantGroup;
			children = (
				5585340F22C2D74700DCF453 /* Base */,
			);
			name = Main.storyboard;
			sourceTree = "<group>";
		};
		5585341322C2D74800DCF453 /* LaunchScreen.storyboard */ = {
			isa = PBXVariantGroup;
			children = (
				5585341422C2D74800DCF453 /* Base */,
			);
			name = LaunchScreen.storyboard;
			sourceTree = "<group>";
		};
/* End PBXVariantGroup section */

/* Begin XCBuildConfiguration section */
		5585342D22C2D74800DCF453 /* Debug */ = {
			isa = XCBuildConfiguration;
			buildSettings = {
				ALWAYS_SEARCH_USER_PATHS = NO;
				CLANG_ANALYZER_NONNULL = YES;
				CLANG_ANALYZER_NUMBER_OBJECT_CONVERSION = YES_AGGRESSIVE;
				CLANG_CXX_LANGUAGE_STANDARD = "gnu++14";
				CLANG_CXX_LIBRARY = "libc++";
				CLANG_ENABLE_MODULES = YES;
				CLANG_ENABLE_OBJC_ARC = YES;
				CLANG_ENABLE_OBJC_WEAK = YES;
				CLANG_WARN_BLOCK_CAPTURE_AUTORELEASING = YES;
				CLANG_WARN_BOOL_CONVERSION = YES;
				CLANG_WARN_COMMA = YES;
				CLANG_WARN_CONSTANT_CONVERSION = YES;
				CLANG_WARN_DEPRECATED_OBJC_IMPLEMENTATIONS = YES;
				CLANG_WARN_DIRECT_OBJC_ISA_USAGE = YES_ERROR;
				CLANG_WARN_DOCUMENTATION_COMMENTS = YES;
				CLANG_WARN_EMPTY_BODY = YES;
				CLANG_WARN_ENUM_CONVERSION = YES;
				CLANG_WARN_INFINITE_RECURSION = YES;
				CLANG_WARN_INT_CONVERSION = YES;
				CLANG_WARN_NON_LITERAL_NULL_CONVERSION = YES;
				CLANG_WARN_OBJC_IMPLICIT_RETAIN_SELF = YES;
				CLANG_WARN_OBJC_LITERAL_CONVERSION = YES;
				CLANG_WARN_OBJC_ROOT_CLASS = YES_ERROR;
				CLANG_WARN_RANGE_LOOP_ANALYSIS = YES;
				CLANG_WARN_STRICT_PROTOTYPES = YES;
				CLANG_WARN_SUSPICIOUS_MOVE = YES;
				CLANG_WARN_UNGUARDED_AVAILABILITY = YES_AGGRESSIVE;
				CLANG_WARN_UNREACHABLE_CODE = YES;
				CLANG_WARN__DUPLICATE_METHOD_MATCH = YES;
				CODE_SIGN_IDENTITY = "iPhone Developer";
				COPY_PHASE_STRIP = NO;
				DEBUG_INFORMATION_FORMAT = dwarf;
				ENABLE_STRICT_OBJC_MSGSEND = YES;
				ENABLE_TESTABILITY = YES;
				GCC_C_LANGUAGE_STANDARD = gnu11;
				GCC_DYNAMIC_NO_PIC = NO;
				GCC_NO_COMMON_BLOCKS = YES;
				GCC_OPTIMIZATION_LEVEL = 0;
				GCC_PREPROCESSOR_DEFINITIONS = (
					"DEBUG=1",
					"$(inherited)",
				);
				GCC_WARN_64_TO_32_BIT_CONVERSION = YES;
				GCC_WARN_ABOUT_RETURN_TYPE = YES_ERROR;
				GCC_WARN_UNDECLARED_SELECTOR = YES;
				GCC_WARN_UNINITIALIZED_AUTOS = YES_AGGRESSIVE;
				GCC_WARN_UNUSED_FUNCTION = YES;
				GCC_WARN_UNUSED_VARIABLE = YES;
				IPHONEOS_DEPLOYMENT_TARGET = 12.2;
				MTL_ENABLE_DEBUG_INFO = INCLUDE_SOURCE;
				MTL_FAST_MATH = YES;
				ONLY_ACTIVE_ARCH = YES;
				SDKROOT = iphoneos;
				SWIFT_ACTIVE_COMPILATION_CONDITIONS = DEBUG;
				SWIFT_OPTIMIZATION_LEVEL = "-Onone";
			};
			name = Debug;
		};
		5585342E22C2D74800DCF453 /* Release */ = {
			isa = XCBuildConfiguration;
			buildSettings = {
				ALWAYS_SEARCH_USER_PATHS = NO;
				CLANG_ANALYZER_NONNULL = YES;
				CLANG_ANALYZER_NUMBER_OBJECT_CONVERSION = YES_AGGRESSIVE;
				CLANG_CXX_LANGUAGE_STANDARD = "gnu++14";
				CLANG_CXX_LIBRARY = "libc++";
				CLANG_ENABLE_MODULES = YES;
				CLANG_ENABLE_OBJC_ARC = YES;
				CLANG_ENABLE_OBJC_WEAK = YES;
				CLANG_WARN_BLOCK_CAPTURE_AUTORELEASING = YES;
				CLANG_WARN_BOOL_CONVERSION = YES;
				CLANG_WARN_COMMA = YES;
				CLANG_WARN_CONSTANT_CONVERSION = YES;
				CLANG_WARN_DEPRECATED_OBJC_IMPLEMENTATIONS = YES;
				CLANG_WARN_DIRECT_OBJC_ISA_USAGE = YES_ERROR;
				CLANG_WARN_DOCUMENTATION_COMMENTS = YES;
				CLANG_WARN_EMPTY_BODY = YES;
				CLANG_WARN_ENUM_CONVERSION = YES;
				CLANG_WARN_INFINITE_RECURSION = YES;
				CLANG_WARN_INT_CONVERSION = YES;
				CLANG_WARN_NON_LITERAL_NULL_CONVERSION = YES;
				CLANG_WARN_OBJC_IMPLICIT_RETAIN_SELF = YES;
				CLANG_WARN_OBJC_LITERAL_CONVERSION = YES;
				CLANG_WARN_OBJC_ROOT_CLASS = YES_ERROR;
				CLANG_WARN_RANGE_LOOP_ANALYSIS = YES;
				CLANG_WARN_STRICT_PROTOTYPES = YES;
				CLANG_WARN_SUSPICIOUS_MOVE = YES;
				CLANG_WARN_UNGUARDED_AVAILABILITY = YES_AGGRESSIVE;
				CLANG_WARN_UNREACHABLE_CODE = YES;
				CLANG_WARN__DUPLICATE_METHOD_MATCH = YES;
				CODE_SIGN_IDENTITY = "iPhone Developer";
				COPY_PHASE_STRIP = NO;
				DEBUG_INFORMATION_FORMAT = "dwarf-with-dsym";
				ENABLE_NS_ASSERTIONS = NO;
				ENABLE_STRICT_OBJC_MSGSEND = YES;
				GCC_C_LANGUAGE_STANDARD = gnu11;
				GCC_NO_COMMON_BLOCKS = YES;
				GCC_WARN_64_TO_32_BIT_CONVERSION = YES;
				GCC_WARN_ABOUT_RETURN_TYPE = YES_ERROR;
				GCC_WARN_UNDECLARED_SELECTOR = YES;
				GCC_WARN_UNINITIALIZED_AUTOS = YES_AGGRESSIVE;
				GCC_WARN_UNUSED_FUNCTION = YES;
				GCC_WARN_UNUSED_VARIABLE = YES;
				IPHONEOS_DEPLOYMENT_TARGET = 12.2;
				MTL_ENABLE_DEBUG_INFO = NO;
				MTL_FAST_MATH = YES;
				SDKROOT = iphoneos;
				SWIFT_COMPILATION_MODE = wholemodule;
				SWIFT_OPTIMIZATION_LEVEL = "-O";
				VALIDATE_PRODUCT = YES;
			};
			name = Release;
		};
		5585343022C2D74800DCF453 /* Debug */ = {
			isa = XCBuildConfiguration;
			buildSettings = {
				ASSETCATALOG_COMPILER_APPICON_NAME = AppIcon;
				CODE_SIGN_STYLE = Automatic;
				DEVELOPMENT_TEAM = G9L9LXN968;
				INFOPLIST_FILE = "Brick by Brick/Info.plist";
				LD_RUNPATH_SEARCH_PATHS = (
					"$(inherited)",
					"@executable_path/Frameworks",
				);
				PRODUCT_BUNDLE_IDENTIFIER = "com.villaescusa.Brick-by-Brick";
				PRODUCT_NAME = "$(TARGET_NAME)";
				SWIFT_VERSION = 5.0;
				TARGETED_DEVICE_FAMILY = "1,2";
			};
			name = Debug;
		};
		5585343122C2D74800DCF453 /* Release */ = {
			isa = XCBuildConfiguration;
			buildSettings = {
				ASSETCATALOG_COMPILER_APPICON_NAME = AppIcon;
				CODE_SIGN_STYLE = Automatic;
				DEVELOPMENT_TEAM = G9L9LXN968;
				INFOPLIST_FILE = "Brick by Brick/Info.plist";
				LD_RUNPATH_SEARCH_PATHS = (
					"$(inherited)",
					"@executable_path/Frameworks",
				);
				PRODUCT_BUNDLE_IDENTIFIER = "com.villaescusa.Brick-by-Brick";
				PRODUCT_NAME = "$(TARGET_NAME)";
				SWIFT_VERSION = 5.0;
				TARGETED_DEVICE_FAMILY = "1,2";
			};
			name = Release;
		};
		5585343322C2D74800DCF453 /* Debug */ = {
			isa = XCBuildConfiguration;
			buildSettings = {
				ALWAYS_EMBED_SWIFT_STANDARD_LIBRARIES = YES;
				BUNDLE_LOADER = "$(TEST_HOST)";
				CODE_SIGN_STYLE = Automatic;
				INFOPLIST_FILE = "Brick by BrickTests/Info.plist";
				LD_RUNPATH_SEARCH_PATHS = (
					"$(inherited)",
					"@executable_path/Frameworks",
					"@loader_path/Frameworks",
				);
				PRODUCT_BUNDLE_IDENTIFIER = "com.villaescusa.Brick-by-BrickTests";
				PRODUCT_NAME = "$(TARGET_NAME)";
				SWIFT_VERSION = 5.0;
				TARGETED_DEVICE_FAMILY = "1,2";
				TEST_HOST = "$(BUILT_PRODUCTS_DIR)/Brick by Brick.app/Brick by Brick";
			};
			name = Debug;
		};
		5585343422C2D74800DCF453 /* Release */ = {
			isa = XCBuildConfiguration;
			buildSettings = {
				ALWAYS_EMBED_SWIFT_STANDARD_LIBRARIES = YES;
				BUNDLE_LOADER = "$(TEST_HOST)";
				CODE_SIGN_STYLE = Automatic;
				INFOPLIST_FILE = "Brick by BrickTests/Info.plist";
				LD_RUNPATH_SEARCH_PATHS = (
					"$(inherited)",
					"@executable_path/Frameworks",
					"@loader_path/Frameworks",
				);
				PRODUCT_BUNDLE_IDENTIFIER = "com.villaescusa.Brick-by-BrickTests";
				PRODUCT_NAME = "$(TARGET_NAME)";
				SWIFT_VERSION = 5.0;
				TARGETED_DEVICE_FAMILY = "1,2";
				TEST_HOST = "$(BUILT_PRODUCTS_DIR)/Brick by Brick.app/Brick by Brick";
			};
			name = Release;
		};
		5585343622C2D74800DCF453 /* Debug */ = {
			isa = XCBuildConfiguration;
			buildSettings = {
				ALWAYS_EMBED_SWIFT_STANDARD_LIBRARIES = YES;
				CODE_SIGN_STYLE = Automatic;
				INFOPLIST_FILE = "Brick by BrickUITests/Info.plist";
				LD_RUNPATH_SEARCH_PATHS = (
					"$(inherited)",
					"@executable_path/Frameworks",
					"@loader_path/Frameworks",
				);
				PRODUCT_BUNDLE_IDENTIFIER = "com.villaescusa.Brick-by-BrickUITests";
				PRODUCT_NAME = "$(TARGET_NAME)";
				SWIFT_VERSION = 5.0;
				TARGETED_DEVICE_FAMILY = "1,2";
				TEST_TARGET_NAME = "Brick by Brick";
			};
			name = Debug;
		};
		5585343722C2D74800DCF453 /* Release */ = {
			isa = XCBuildConfiguration;
			buildSettings = {
				ALWAYS_EMBED_SWIFT_STANDARD_LIBRARIES = YES;
				CODE_SIGN_STYLE = Automatic;
				INFOPLIST_FILE = "Brick by BrickUITests/Info.plist";
				LD_RUNPATH_SEARCH_PATHS = (
					"$(inherited)",
					"@executable_path/Frameworks",
					"@loader_path/Frameworks",
				);
				PRODUCT_BUNDLE_IDENTIFIER = "com.villaescusa.Brick-by-BrickUITests";
				PRODUCT_NAME = "$(TARGET_NAME)";
				SWIFT_VERSION = 5.0;
				TARGETED_DEVICE_FAMILY = "1,2";
				TEST_TARGET_NAME = "Brick by Brick";
			};
			name = Release;
		};
/* End XCBuildConfiguration section */

/* Begin XCConfigurationList section */
		558533FC22C2D74700DCF453 /* Build configuration list for PBXProject "Brick by Brick" */ = {
			isa = XCConfigurationList;
			buildConfigurations = (
				5585342D22C2D74800DCF453 /* Debug */,
				5585342E22C2D74800DCF453 /* Release */,
			);
			defaultConfigurationIsVisible = 0;
			defaultConfigurationName = Release;
		};
		5585342F22C2D74800DCF453 /* Build configuration list for PBXNativeTarget "Brick by Brick" */ = {
			isa = XCConfigurationList;
			buildConfigurations = (
				5585343022C2D74800DCF453 /* Debug */,
				5585343122C2D74800DCF453 /* Release */,
			);
			defaultConfigurationIsVisible = 0;
			defaultConfigurationName = Release;
		};
		5585343222C2D74800DCF453 /* Build configuration list for PBXNativeTarget "Brick by BrickTests" */ = {
			isa = XCConfigurationList;
			buildConfigurations = (
				5585343322C2D74800DCF453 /* Debug */,
				5585343422C2D74800DCF453 /* Release */,
			);
			defaultConfigurationIsVisible = 0;
			defaultConfigurationName = Release;
		};
		5585343522C2D74800DCF453 /* Build configuration list for PBXNativeTarget "Brick by BrickUITests" */ = {
			isa = XCConfigurationList;
			buildConfigurations = (
				5585343622C2D74800DCF453 /* Debug */,
				5585343722C2D74800DCF453 /* Release */,
			);
			defaultConfigurationIsVisible = 0;
			defaultConfigurationName = Release;
		};
/* End XCConfigurationList section */
	};
	rootObject = 558533F922C2D74700DCF453 /* Project object */;
}
